
Microsoft Visual Studio Solution File, Format Version 12.00
# Visual Studio Version 17
VisualStudioVersion = 17.11.35208.52
MinimumVisualStudioVersion = 10.0.40219.1
Project("{9A19103F-16F7-4668-BE54-9A1E7A4F7556}") = "ScreenShareServer", "ScreenShareServer\ScreenShareServer.csproj", "{2B431402-0170-464B-B038-3DB5AA8386E5}"
EndProject
Project("{9A19103F-16F7-4668-BE54-9A1E7A4F7556}") = "ScreenShareClient", "ScreenShareClient\ScreenShareClient.csproj", "{C2420C25-A01F-4181-B9A1-CB5AA6318CDF}"
EndProject
Project("{9A19103F-16F7-4668-BE54-9A1E7A4F7556}") = "DataHandling", "DataHandling\DataHandling.csproj", "{3D02A9DE-9A55-4B23-953F-03ED5308D2C6}"
EndProject
Project("{FAE04EC0-301F-11D3-BF4B-00C04F79EFBC}") = "ScreenShareUI", "ScreenShareUI\ScreenShareUI.csproj", "{B664E77C-EDEF-420B-987A-E76053577EAE}"
EndProject
Global
	GlobalSection(SolutionConfigurationPlatforms) = preSolution
		Debug|Any CPU = Debug|Any CPU
		Release|Any CPU = Release|Any CPU
	EndGlobalSection
	GlobalSection(ProjectConfigurationPlatforms) = postSolution
		{2B431402-0170-464B-B038-3DB5AA8386E5}.Debug|Any CPU.ActiveCfg = Debug|Any CPU
		{2B431402-0170-464B-B038-3DB5AA8386E5}.Debug|Any CPU.Build.0 = Debug|Any CPU
		{2B431402-0170-464B-B038-3DB5AA8386E5}.Release|Any CPU.ActiveCfg = Release|Any CPU
		{2B431402-0170-464B-B038-3DB5AA8386E5}.Release|Any CPU.Build.0 = Release|Any CPU
		{C2420C25-A01F-4181-B9A1-CB5AA6318CDF}.Debug|Any CPU.ActiveCfg = Debug|Any CPU
		{C2420C25-A01F-4181-B9A1-CB5AA6318CDF}.Debug|Any CPU.Build.0 = Debug|Any CPU
		{C2420C25-A01F-4181-B9A1-CB5AA6318CDF}.Release|Any CPU.ActiveCfg = Release|Any CPU
		{C2420C25-A01F-4181-B9A1-CB5AA6318CDF}.Release|Any CPU.Build.0 = Release|Any CPU
		{3D02A9DE-9A55-4B23-953F-03ED5308D2C6}.Debug|Any CPU.ActiveCfg = Debug|Any CPU
		{3D02A9DE-9A55-4B23-953F-03ED5308D2C6}.Debug|Any CPU.Build.0 = Debug|Any CPU
		{3D02A9DE-9A55-4B23-953F-03ED5308D2C6}.Release|Any CPU.ActiveCfg = Release|Any CPU
		{3D02A9DE-9A55-4B23-953F-03ED5308D2C6}.Release|Any CPU.Build.0 = Release|Any CPU
		{B664E77C-EDEF-420B-987A-E76053577EAE}.Debug|Any CPU.ActiveCfg = Debug|Any CPU
		{B664E77C-EDEF-420B-987A-E76053577EAE}.Debug|Any CPU.Build.0 = Debug|Any CPU
		{B664E77C-EDEF-420B-987A-E76053577EAE}.Release|Any CPU.ActiveCfg = Release|Any CPU
		{B664E77C-EDEF-420B-987A-E76053577EAE}.Release|Any CPU.Build.0 = Release|Any CPU
	EndGlobalSection
	GlobalSection(SolutionProperties) = preSolution
		HideSolutionNode = FALSE
	EndGlobalSection
	GlobalSection(ExtensibilityGlobals) = postSolution
		SolutionGuid = {29297616-4F33-40B1-98B4-A3594593A12A}
	EndGlobalSection
EndGlobal
